
Microsoft Visual Studio Solution File, Format Version 12.00
# Visual Studio Version 17
VisualStudioVersion = 17.3.32825.248
MinimumVisualStudioVersion = 10.0.40219.1
Project("{FAE04EC0-301F-11D3-BF4B-00C04F79EFBC}") = "Manipulator", "Manipulator.csproj", "{2F99C5E5-2C5F-401F-93D3-415411CCF67E}"
EndProject
Global
	GlobalSection(SolutionConfigurationPlatforms) = preSolution
		Debug|Any CPU = Debug|Any CPU
		Release|Any CPU = Release|Any CPU
	EndGlobalSection
	GlobalSection(ProjectConfigurationPlatforms) = postSolution
		{2F99C5E5-2C5F-401F-93D3-415411CCF67E}.Debug|Any CPU.ActiveCfg = Debug|Any CPU
		{2F99C5E5-2C5F-401F-93D3-415411CCF67E}.Debug|Any CPU.Build.0 = Debug|Any CPU
		{2F99C5E5-2C5F-401F-93D3-415411CCF67E}.Release|Any CPU.ActiveCfg = Release|Any CPU
		{2F99C5E5-2C5F-401F-93D3-415411CCF67E}.Release|Any CPU.Build.0 = Release|Any CPU
	EndGlobalSection
	GlobalSection(SolutionProperties) = preSolution
		HideSolutionNode = FALSE
	EndGlobalSection
	GlobalSection(ExtensibilityGlobals) = postSolution
		SolutionGuid = {D5F3B0BB-230F-4BEF-A5F1-B197FF3320B1}
	EndGlobalSection
EndGlobal
